
Microsoft Visual Studio Solution File, Format Version 12.00
# Visual Studio Version 16
VisualStudioVersion = 16.0.31321.278
MinimumVisualStudioVersion = 10.0.40219.1
Project("{FAE04EC0-301F-11D3-BF4B-00C04F79EFBC}") = "HttpMoq", "HttpMoq\HttpMoq.csproj", "{9567B408-1A11-4D06-8ED8-731C0BA4577E}"
EndProject
Project("{FAE04EC0-301F-11D3-BF4B-00C04F79EFBC}") = "HttpMoq.Tests", "HttpMoq.Tests\HttpMoq.Tests.csproj", "{A3310C7A-6BF0-4253-862D-10DF28C70974}"
EndProject
Global
	GlobalSection(SolutionConfigurationPlatforms) = preSolution
		Debug|Any CPU = Debug|Any CPU
		Release|Any CPU = Release|Any CPU
	EndGlobalSection
	GlobalSection(ProjectConfigurationPlatforms) = postSolution
		{9567B408-1A11-4D06-8ED8-731C0BA4577E}.Debug|Any CPU.ActiveCfg = Debug|Any CPU
		{9567B408-1A11-4D06-8ED8-731C0BA4577E}.Debug|Any CPU.Build.0 = Debug|Any CPU
		{9567B408-1A11-4D06-8ED8-731C0BA4577E}.Release|Any CPU.ActiveCfg = Release|Any CPU
		{9567B408-1A11-4D06-8ED8-731C0BA4577E}.Release|Any CPU.Build.0 = Release|Any CPU
		{A3310C7A-6BF0-4253-862D-10DF28C70974}.Debug|Any CPU.ActiveCfg = Debug|Any CPU
		{A3310C7A-6BF0-4253-862D-10DF28C70974}.Debug|Any CPU.Build.0 = Debug|Any CPU
		{A3310C7A-6BF0-4253-862D-10DF28C70974}.Release|Any CPU.ActiveCfg = Release|Any CPU
		{A3310C7A-6BF0-4253-862D-10DF28C70974}.Release|Any CPU.Build.0 = Release|Any CPU
	EndGlobalSection
	GlobalSection(SolutionProperties) = preSolution
		HideSolutionNode = FALSE
	EndGlobalSection
	GlobalSection(ExtensibilityGlobals) = postSolution
		SolutionGuid = {826507C8-EC99-4D74-8750-A75EDDE45DFE}
	EndGlobalSection
EndGlobal
